{
  "name": "@hcie/canvas-ui",
  "version": "0.0.0",
  "lockfileVersion": 3,
  "requires": true,
  "packages": {
    "": {
      "name": "@hcie/canvas-ui",
      "version": "0.0.0",
      "dependencies": {
        "@hcie/core": "file:../hcie-core",
        "@hcie/io": "file:../hcie-io",
        "@hcie/shared": "file:../hcie-shared",
        "@hcie/tools": "file:../hcie-tools",
        "@hcie/ui-components": "file:../hcie-ui-components"
      },
      "devDependencies": {
        "typescript": "^6.0.2"
      }
    },
    "../hcie-core": {
      "name": "@hcie/core",
      "version": "0.0.0",
      "dependencies": {
        "@hcie/shared": "file:../hcie-shared"
      },
      "devDependencies": {
        "typescript": "^5.0.0"
      }
    },
    "../hcie-io": {
      "name": "@hcie/io",
      "version": "0.0.0",
      "dependencies": {
        "@hcie/core": "file:../hcie-core",
        "@hcie/shared": "file:../hcie-shared",
        "jszip": "^3.10.1"
      }
    },
    "../hcie-shared": {
      "name": "@hcie/shared",
      "version": "0.0.0",
      "devDependencies": {
        "typescript": "^6.0.2"
      }
    },
    "../hcie-tools": {
      "name": "@hcie/tools",
      "version": "0.0.0",
      "dependencies": {
        "@hcie/canvas-ui": "file:../hcie-canvas-ui",
        "@hcie/core": "file:../hcie-core",
        "@hcie/shared": "file:../hcie-shared",
        "@hcie/ui-components": "file:../hcie-ui-components"
      }
    },
    "../hcie-ui-components": {
      "name": "@hcie/ui-components",
      "version": "0.0.0",
      "dependencies": {
        "@hcie/canvas-ui": "file:../hcie-canvas-ui",
        "@hcie/core": "file:../hcie-core",
        "@hcie/io": "file:../hcie-io",
        "@hcie/shared": "file:../hcie-shared",
        "@hcie/tools": "file:../hcie-tools"
      }
    },
    "node_modules/@hcie/core": {
      "resolved": "../hcie-core",
      "link": true
    },
    "node_modules/@hcie/io": {
      "resolved": "../hcie-io",
      "link": true
    },
    "node_modules/@hcie/shared": {
      "resolved": "../hcie-shared",
      "link": true
    },
    "node_modules/@hcie/tools": {
      "resolved": "../hcie-tools",
      "link": true
    },
    "node_modules/@hcie/ui-components": {
      "resolved": "../hcie-ui-components",
      "link": true
    },
    "node_modules/typescript": {
      "version": "6.0.2",
      "resolved": "https://registry.npmjs.org/typescript/-/typescript-6.0.2.tgz",
      "integrity": "sha512-bGdAIrZ0wiGDo5l8c++HWtbaNCWTS4UTv7RaTH/ThVIgjkveJt83m74bBHMJkuCbslY8ixgLBVZJIOiQlQTjfQ==",
      "dev": true,
      "license": "Apache-2.0",
      "bin": {
        "tsc": "bin/tsc",
        "tsserver": "bin/tsserver"
      },
      "engines": {
        "node": ">=14.17"
      }
    }
  }
}
